
Microsoft Visual Studio Solution File, Format Version 12.00
# Visual Studio Version 16
VisualStudioVersion = 16.0.31515.178
MinimumVisualStudioVersion = 10.0.40219.1
Project("{9A19103F-16F7-4668-BE54-9A1E7A4F7556}") = "SmartSchool.WebAPI", "SmartSchool.WebAPI.csproj", "{7E5B07CC-E99C-4889-88C3-9B21D7E1664A}"
EndProject
Global
	GlobalSection(SolutionConfigurationPlatforms) = preSolution
		Debug|Any CPU = Debug|Any CPU
		Release|Any CPU = Release|Any CPU
	EndGlobalSection
	GlobalSection(ProjectConfigurationPlatforms) = postSolution
		{7E5B07CC-E99C-4889-88C3-9B21D7E1664A}.Debug|Any CPU.ActiveCfg = Debug|Any CPU
		{7E5B07CC-E99C-4889-88C3-9B21D7E1664A}.Debug|Any CPU.Build.0 = Debug|Any CPU
		{7E5B07CC-E99C-4889-88C3-9B21D7E1664A}.Release|Any CPU.ActiveCfg = Release|Any CPU
		{7E5B07CC-E99C-4889-88C3-9B21D7E1664A}.Release|Any CPU.Build.0 = Release|Any CPU
	EndGlobalSection
	GlobalSection(SolutionProperties) = preSolution
		HideSolutionNode = FALSE
	EndGlobalSection
	GlobalSection(ExtensibilityGlobals) = postSolution
		SolutionGuid = {F5FAE591-0E6B-4B22-8D50-48166605B09B}
	EndGlobalSection
EndGlobal
